{
  "version": 1,
  "dependencies": {
    "net10.0": {
      "OMC.Common": {
        "type": "Project"
      },
      "OMC.Common.Tests.Utilities": {
        "type": "Project",
        "dependencies": {
          "OMC.Common": "[1.0.0, )"
        }
      },
      "OMC.EventsHandler": {
        "type": "Project",
        "dependencies": {
          "OMC.WebQueries": "[1.0.0, )"
        }
      },
      "OMC.SecretsManager": {
        "type": "Project",
        "dependencies": {
          "OMC.Common": "[1.0.0, )"
        }
      },
      "OMC.WebQueries": {
        "type": "Project",
        "dependencies": {
          "OMC.SecretsManager": "[1.0.0, )",
          "OMC.ZgwModels": "[1.0.0, )"
        }
      },
      "OMC.ZgwModels": {
        "type": "Project",
        "dependencies": {
          "OMC.Common": "[1.0.0, )"
        }
      },
      "OMC.ZgwModels.Tests.Unit": {
        "type": "Project",
        "dependencies": {
          "OMC.Common.Tests.Utilities": "[1.0.0, )",
          "OMC.ZgwModels": "[1.0.0, )"
        }
      }
    }
  }
}